
Microsoft Visual Studio Solution File, Format Version 12.00
# Visual Studio Version 17
VisualStudioVersion = 17.12.35410.144
MinimumVisualStudioVersion = 10.0.40219.1
Project("{FAE04EC0-301F-11D3-BF4B-00C04F79EFBC}") = "Singleton", "CsharpDesignPatterns\Singleton.csproj", "{026A490A-A96F-4C45-851D-71696E50A90C}"
EndProject
Project("{2150E333-8FDC-42A3-9474-1A3956D46DE8}") = "01 - Singleton", "01 - Singleton", "{BA61171B-DB4F-498D-A9AC-5F80C2B0A867}"
EndProject
Project("{2150E333-8FDC-42A3-9474-1A3956D46DE8}") = "A - Creational", "A - Creational", "{464759E3-E4B2-4C5D-8538-844402C4CCE9}"
EndProject
Project("{2150E333-8FDC-42A3-9474-1A3956D46DE8}") = "02 - Factory Method", "02 - Factory Method", "{6068CD36-88AF-4C1A-A1B8-E2B1BA6E1F72}"
EndProject
Project("{FAE04EC0-301F-11D3-BF4B-00C04F79EFBC}") = "FactoryMethod", "FactoryMethod\FactoryMethod.csproj", "{785B528B-5A79-49B5-861B-4482F1EB00F5}"
EndProject
Project("{2150E333-8FDC-42A3-9474-1A3956D46DE8}") = "03 - Abstract Factory", "03 - Abstract Factory", "{13C9AE8D-8406-4CD8-B4FC-F0D644A29D8B}"
EndProject
Project("{FAE04EC0-301F-11D3-BF4B-00C04F79EFBC}") = "AbstractFactory", "AbstractFactory\AbstractFactory.csproj", "{D5D8CFF4-E38A-4E1D-96D9-437DB6738013}"
EndProject
Project("{2150E333-8FDC-42A3-9474-1A3956D46DE8}") = "04 - Builder", "04 - Builder", "{00654014-7001-49AC-88CF-18C9DF77F022}"
EndProject
Project("{FAE04EC0-301F-11D3-BF4B-00C04F79EFBC}") = "Builder", "Builder\Builder.csproj", "{DBEEF9F9-6C8D-49B2-9BAF-5C1F369C69EC}"
EndProject
Project("{2150E333-8FDC-42A3-9474-1A3956D46DE8}") = "05 - Prototype", "05 - Prototype", "{AC0E6602-65BD-4C45-BF02-8B53E6995BE1}"
EndProject
Project("{FAE04EC0-301F-11D3-BF4B-00C04F79EFBC}") = "Prototype", "Prototype\Prototype.csproj", "{BF0862BB-293E-4554-BC9B-E727A27A043E}"
EndProject
Project("{2150E333-8FDC-42A3-9474-1A3956D46DE8}") = "B - Structural", "B - Structural", "{6B1F75BC-8252-440D-9607-BA2144BF4464}"
EndProject
Project("{2150E333-8FDC-42A3-9474-1A3956D46DE8}") = "06 - Adapter", "06 - Adapter", "{410FD888-2814-414C-A2D3-6948BAA7C245}"
EndProject
Project("{FAE04EC0-301F-11D3-BF4B-00C04F79EFBC}") = "Adapter", "Adapter\Adapter.csproj", "{D1F25FF0-D6F5-423C-A494-AF7B8741EC15}"
EndProject
Project("{2150E333-8FDC-42A3-9474-1A3956D46DE8}") = "07 - Bridge", "07 - Bridge", "{97178379-71A5-4DE2-B113-CBBD36592872}"
EndProject
Project("{FAE04EC0-301F-11D3-BF4B-00C04F79EFBC}") = "Bridge", "Bridge\Bridge.csproj", "{14D69BA3-9AC1-48C1-A4F8-66F00BF1582C}"
EndProject
Project("{2150E333-8FDC-42A3-9474-1A3956D46DE8}") = "08 - Decorator", "08 - Decorator", "{9E1BB8E0-8C3C-407E-89A7-68BAF6763D0A}"
EndProject
Project("{FAE04EC0-301F-11D3-BF4B-00C04F79EFBC}") = "Decorator", "Decorator\Decorator.csproj", "{29459D4E-9E65-4EAE-917E-C8B9FB80D1A5}"
EndProject
Project("{2150E333-8FDC-42A3-9474-1A3956D46DE8}") = "09 - Composite", "09 - Composite", "{F289F765-6254-4BCD-BBE1-D984017E1CC8}"
EndProject
Project("{FAE04EC0-301F-11D3-BF4B-00C04F79EFBC}") = "Composite", "Composite\Composite.csproj", "{042A9D72-4999-47C4-9284-11BD3AE9FC4A}"
EndProject
Project("{2150E333-8FDC-42A3-9474-1A3956D46DE8}") = "10 - Facade", "10 - Facade", "{D40FB6AA-668B-488C-8722-34FEAD3A021D}"
EndProject
Project("{FAE04EC0-301F-11D3-BF4B-00C04F79EFBC}") = "Facade", "Facade\Facade.csproj", "{F5DF383A-62EE-49AA-8CCB-EA2BD0B1BAEF}"
EndProject
Project("{2150E333-8FDC-42A3-9474-1A3956D46DE8}") = "11 - Proxy", "11 - Proxy", "{F31C2700-232F-48C5-9439-DF547C2E007D}"
EndProject
Project("{FAE04EC0-301F-11D3-BF4B-00C04F79EFBC}") = "Proxy", "Proxy\Proxy.csproj", "{E92A4DBC-15A8-476B-9639-EB0E4519D995}"
EndProject
Project("{2150E333-8FDC-42A3-9474-1A3956D46DE8}") = "12 - Flyweight", "12 - Flyweight", "{C4578FDE-8681-4BAB-A4E0-8E79AD939730}"
EndProject
Project("{FAE04EC0-301F-11D3-BF4B-00C04F79EFBC}") = "Flyweight", "Flyweight\Flyweight.csproj", "{4EBE552B-C1D9-46C0-80A7-9DCE0E85F427}"
EndProject
Project("{2150E333-8FDC-42A3-9474-1A3956D46DE8}") = "C - Behavioural", "C - Behavioural", "{7154CBBB-ADED-4774-8E95-169C0EA40422}"
EndProject
Project("{2150E333-8FDC-42A3-9474-1A3956D46DE8}") = "13 - Template Method", "13 - Template Method", "{2EAFA2CA-154B-4ADE-8706-2E68D242C0B4}"
EndProject
Project("{FAE04EC0-301F-11D3-BF4B-00C04F79EFBC}") = "TemplateMethod", "TemplateMethod\TemplateMethod.csproj", "{CE4FFEF5-B13B-4BAE-8331-5302FF0C7DF5}"
EndProject
Project("{2150E333-8FDC-42A3-9474-1A3956D46DE8}") = "14 - Strategy", "14 - Strategy", "{0DD45B93-2190-4260-9E86-975E5B4170FB}"
EndProject
Project("{FAE04EC0-301F-11D3-BF4B-00C04F79EFBC}") = "Strategy", "Strategy\Strategy.csproj", "{83A133C5-20D1-475C-ABAD-FF7F54DD214C}"
EndProject
Project("{2150E333-8FDC-42A3-9474-1A3956D46DE8}") = "15 - Command", "15 - Command", "{09919C44-6F11-45D5-AE71-89CB5FDED866}"
EndProject
Project("{FAE04EC0-301F-11D3-BF4B-00C04F79EFBC}") = "Command", "Command\Command.csproj", "{F4228EA0-C8E2-4F62-BAE1-EF1D253D5784}"
EndProject
Project("{2150E333-8FDC-42A3-9474-1A3956D46DE8}") = "16 - Memento", "16 - Memento", "{8BD05573-32C9-4902-B5B8-3191277D20F7}"
EndProject
Project("{FAE04EC0-301F-11D3-BF4B-00C04F79EFBC}") = "Memento", "Momento\Memento.csproj", "{7EA492BC-0225-4710-A686-C0B90686A8A3}"
EndProject
Project("{2150E333-8FDC-42A3-9474-1A3956D46DE8}") = "17 - Mediator", "17 - Mediator", "{13A1B454-F420-4CD1-8AE3-1929A763855F}"
EndProject
Project("{FAE04EC0-301F-11D3-BF4B-00C04F79EFBC}") = "Mediator", "Mediator\Mediator.csproj", "{47B4BE5C-0B5E-40C0-AD5F-E9728A18EA36}"
EndProject
Project("{2150E333-8FDC-42A3-9474-1A3956D46DE8}") = "18 - Chain of Responsibility", "18 - Chain of Responsibility", "{87C1EB6F-ED06-43B7-BE03-ED609B2FCB08}"
EndProject
Project("{FAE04EC0-301F-11D3-BF4B-00C04F79EFBC}") = "ChainOfResponsibility", "ChainOfResponsibility\ChainOfResponsibility.csproj", "{05A239C7-D358-462A-A9C2-A58CADFFC2CA}"
EndProject
Project("{2150E333-8FDC-42A3-9474-1A3956D46DE8}") = "19 - Observer", "19 - Observer", "{C8A63A75-6983-4D32-87C9-01FF1EB663EC}"
EndProject
Project("{FAE04EC0-301F-11D3-BF4B-00C04F79EFBC}") = "Observer", "Observer\Observer.csproj", "{8A5B12BB-5D47-40AC-B081-D55409A8449A}"
EndProject
Project("{2150E333-8FDC-42A3-9474-1A3956D46DE8}") = "20 - State", "20 - State", "{9B797805-B161-4D8C-8438-C6C166F1BEB6}"
EndProject
Project("{FAE04EC0-301F-11D3-BF4B-00C04F79EFBC}") = "State", "State\State.csproj", "{F3CD94EB-172B-4C9C-9677-D6D53351DA90}"
EndProject
Project("{2150E333-8FDC-42A3-9474-1A3956D46DE8}") = "21 - Iterator", "21 - Iterator", "{654F51BB-9C55-421F-BB07-853028C6118C}"
EndProject
Project("{FAE04EC0-301F-11D3-BF4B-00C04F79EFBC}") = "Iterator", "Iterator\Iterator.csproj", "{A3ACDA2F-C180-484D-B484-DEBBBF964912}"
EndProject
Project("{2150E333-8FDC-42A3-9474-1A3956D46DE8}") = "22 - Visitor", "22 - Visitor", "{74664197-D4BE-4C0C-9154-81A9C4FFC7F0}"
EndProject
Project("{FAE04EC0-301F-11D3-BF4B-00C04F79EFBC}") = "Visitor", "Visitor\Visitor.csproj", "{BBECC9F4-FB5A-4231-913E-D66DA6C2BF5E}"
EndProject
Project("{2150E333-8FDC-42A3-9474-1A3956D46DE8}") = "23 - Interpretor", "23 - Interpretor", "{9F4D8275-25C4-4ADD-BB02-5623EFD20731}"
EndProject
Project("{FAE04EC0-301F-11D3-BF4B-00C04F79EFBC}") = "Interpreter", "Interpreter\Interpreter.csproj", "{B9B61743-4E34-4591-8928-B0AC43804945}"
EndProject
Global
	GlobalSection(SolutionConfigurationPlatforms) = preSolution
		Debug|Any CPU = Debug|Any CPU
		Release|Any CPU = Release|Any CPU
	EndGlobalSection
	GlobalSection(ProjectConfigurationPlatforms) = postSolution
		{026A490A-A96F-4C45-851D-71696E50A90C}.Debug|Any CPU.ActiveCfg = Debug|Any CPU
		{026A490A-A96F-4C45-851D-71696E50A90C}.Debug|Any CPU.Build.0 = Debug|Any CPU
		{026A490A-A96F-4C45-851D-71696E50A90C}.Release|Any CPU.ActiveCfg = Release|Any CPU
		{026A490A-A96F-4C45-851D-71696E50A90C}.Release|Any CPU.Build.0 = Release|Any CPU
		{785B528B-5A79-49B5-861B-4482F1EB00F5}.Debug|Any CPU.ActiveCfg = Debug|Any CPU
		{785B528B-5A79-49B5-861B-4482F1EB00F5}.Debug|Any CPU.Build.0 = Debug|Any CPU
		{785B528B-5A79-49B5-861B-4482F1EB00F5}.Release|Any CPU.ActiveCfg = Release|Any CPU
		{785B528B-5A79-49B5-861B-4482F1EB00F5}.Release|Any CPU.Build.0 = Release|Any CPU
		{D5D8CFF4-E38A-4E1D-96D9-437DB6738013}.Debug|Any CPU.ActiveCfg = Debug|Any CPU
		{D5D8CFF4-E38A-4E1D-96D9-437DB6738013}.Debug|Any CPU.Build.0 = Debug|Any CPU
		{D5D8CFF4-E38A-4E1D-96D9-437DB6738013}.Release|Any CPU.ActiveCfg = Release|Any CPU
		{D5D8CFF4-E38A-4E1D-96D9-437DB6738013}.Release|Any CPU.Build.0 = Release|Any CPU
		{DBEEF9F9-6C8D-49B2-9BAF-5C1F369C69EC}.Debug|Any CPU.ActiveCfg = Debug|Any CPU
		{DBEEF9F9-6C8D-49B2-9BAF-5C1F369C69EC}.Debug|Any CPU.Build.0 = Debug|Any CPU
		{DBEEF9F9-6C8D-49B2-9BAF-5C1F369C69EC}.Release|Any CPU.ActiveCfg = Release|Any CPU
		{DBEEF9F9-6C8D-49B2-9BAF-5C1F369C69EC}.Release|Any CPU.Build.0 = Release|Any CPU
		{BF0862BB-293E-4554-BC9B-E727A27A043E}.Debug|Any CPU.ActiveCfg = Debug|Any CPU
		{BF0862BB-293E-4554-BC9B-E727A27A043E}.Debug|Any CPU.Build.0 = Debug|Any CPU
		{BF0862BB-293E-4554-BC9B-E727A27A043E}.Release|Any CPU.ActiveCfg = Release|Any CPU
		{BF0862BB-293E-4554-BC9B-E727A27A043E}.Release|Any CPU.Build.0 = Release|Any CPU
		{D1F25FF0-D6F5-423C-A494-AF7B8741EC15}.Debug|Any CPU.ActiveCfg = Debug|Any CPU
		{D1F25FF0-D6F5-423C-A494-AF7B8741EC15}.Debug|Any CPU.Build.0 = Debug|Any CPU
		{D1F25FF0-D6F5-423C-A494-AF7B8741EC15}.Release|Any CPU.ActiveCfg = Release|Any CPU
		{D1F25FF0-D6F5-423C-A494-AF7B8741EC15}.Release|Any CPU.Build.0 = Release|Any CPU
		{14D69BA3-9AC1-48C1-A4F8-66F00BF1582C}.Debug|Any CPU.ActiveCfg = Debug|Any CPU
		{14D69BA3-9AC1-48C1-A4F8-66F00BF1582C}.Debug|Any CPU.Build.0 = Debug|Any CPU
		{14D69BA3-9AC1-48C1-A4F8-66F00BF1582C}.Release|Any CPU.ActiveCfg = Release|Any CPU
		{14D69BA3-9AC1-48C1-A4F8-66F00BF1582C}.Release|Any CPU.Build.0 = Release|Any CPU
		{29459D4E-9E65-4EAE-917E-C8B9FB80D1A5}.Debug|Any CPU.ActiveCfg = Debug|Any CPU
		{29459D4E-9E65-4EAE-917E-C8B9FB80D1A5}.Debug|Any CPU.Build.0 = Debug|Any CPU
		{29459D4E-9E65-4EAE-917E-C8B9FB80D1A5}.Release|Any CPU.ActiveCfg = Release|Any CPU
		{29459D4E-9E65-4EAE-917E-C8B9FB80D1A5}.Release|Any CPU.Build.0 = Release|Any CPU
		{042A9D72-4999-47C4-9284-11BD3AE9FC4A}.Debug|Any CPU.ActiveCfg = Debug|Any CPU
		{042A9D72-4999-47C4-9284-11BD3AE9FC4A}.Debug|Any CPU.Build.0 = Debug|Any CPU
		{042A9D72-4999-47C4-9284-11BD3AE9FC4A}.Release|Any CPU.ActiveCfg = Release|Any CPU
		{042A9D72-4999-47C4-9284-11BD3AE9FC4A}.Release|Any CPU.Build.0 = Release|Any CPU
		{F5DF383A-62EE-49AA-8CCB-EA2BD0B1BAEF}.Debug|Any CPU.ActiveCfg = Debug|Any CPU
		{F5DF383A-62EE-49AA-8CCB-EA2BD0B1BAEF}.Debug|Any CPU.Build.0 = Debug|Any CPU
		{F5DF383A-62EE-49AA-8CCB-EA2BD0B1BAEF}.Release|Any CPU.ActiveCfg = Release|Any CPU
		{F5DF383A-62EE-49AA-8CCB-EA2BD0B1BAEF}.Release|Any CPU.Build.0 = Release|Any CPU
		{E92A4DBC-15A8-476B-9639-EB0E4519D995}.Debug|Any CPU.ActiveCfg = Debug|Any CPU
		{E92A4DBC-15A8-476B-9639-EB0E4519D995}.Debug|Any CPU.Build.0 = Debug|Any CPU
		{E92A4DBC-15A8-476B-9639-EB0E4519D995}.Release|Any CPU.ActiveCfg = Release|Any CPU
		{E92A4DBC-15A8-476B-9639-EB0E4519D995}.Release|Any CPU.Build.0 = Release|Any CPU
		{4EBE552B-C1D9-46C0-80A7-9DCE0E85F427}.Debug|Any CPU.ActiveCfg = Debug|Any CPU
		{4EBE552B-C1D9-46C0-80A7-9DCE0E85F427}.Debug|Any CPU.Build.0 = Debug|Any CPU
		{4EBE552B-C1D9-46C0-80A7-9DCE0E85F427}.Release|Any CPU.ActiveCfg = Release|Any CPU
		{4EBE552B-C1D9-46C0-80A7-9DCE0E85F427}.Release|Any CPU.Build.0 = Release|Any CPU
		{CE4FFEF5-B13B-4BAE-8331-5302FF0C7DF5}.Debug|Any CPU.ActiveCfg = Debug|Any CPU
		{CE4FFEF5-B13B-4BAE-8331-5302FF0C7DF5}.Debug|Any CPU.Build.0 = Debug|Any CPU
		{CE4FFEF5-B13B-4BAE-8331-5302FF0C7DF5}.Release|Any CPU.ActiveCfg = Release|Any CPU
		{CE4FFEF5-B13B-4BAE-8331-5302FF0C7DF5}.Release|Any CPU.Build.0 = Release|Any CPU
		{83A133C5-20D1-475C-ABAD-FF7F54DD214C}.Debug|Any CPU.ActiveCfg = Debug|Any CPU
		{83A133C5-20D1-475C-ABAD-FF7F54DD214C}.Debug|Any CPU.Build.0 = Debug|Any CPU
		{83A133C5-20D1-475C-ABAD-FF7F54DD214C}.Release|Any CPU.ActiveCfg = Release|Any CPU
		{83A133C5-20D1-475C-ABAD-FF7F54DD214C}.Release|Any CPU.Build.0 = Release|Any CPU
		{F4228EA0-C8E2-4F62-BAE1-EF1D253D5784}.Debug|Any CPU.ActiveCfg = Debug|Any CPU
		{F4228EA0-C8E2-4F62-BAE1-EF1D253D5784}.Debug|Any CPU.Build.0 = Debug|Any CPU
		{F4228EA0-C8E2-4F62-BAE1-EF1D253D5784}.Release|Any CPU.ActiveCfg = Release|Any CPU
		{F4228EA0-C8E2-4F62-BAE1-EF1D253D5784}.Release|Any CPU.Build.0 = Release|Any CPU
		{7EA492BC-0225-4710-A686-C0B90686A8A3}.Debug|Any CPU.ActiveCfg = Debug|Any CPU
		{7EA492BC-0225-4710-A686-C0B90686A8A3}.Debug|Any CPU.Build.0 = Debug|Any CPU
		{7EA492BC-0225-4710-A686-C0B90686A8A3}.Release|Any CPU.ActiveCfg = Release|Any CPU
		{7EA492BC-0225-4710-A686-C0B90686A8A3}.Release|Any CPU.Build.0 = Release|Any CPU
		{47B4BE5C-0B5E-40C0-AD5F-E9728A18EA36}.Debug|Any CPU.ActiveCfg = Debug|Any CPU
		{47B4BE5C-0B5E-40C0-AD5F-E9728A18EA36}.Debug|Any CPU.Build.0 = Debug|Any CPU
		{47B4BE5C-0B5E-40C0-AD5F-E9728A18EA36}.Release|Any CPU.ActiveCfg = Release|Any CPU
		{47B4BE5C-0B5E-40C0-AD5F-E9728A18EA36}.Release|Any CPU.Build.0 = Release|Any CPU
		{05A239C7-D358-462A-A9C2-A58CADFFC2CA}.Debug|Any CPU.ActiveCfg = Debug|Any CPU
		{05A239C7-D358-462A-A9C2-A58CADFFC2CA}.Debug|Any CPU.Build.0 = Debug|Any CPU
		{05A239C7-D358-462A-A9C2-A58CADFFC2CA}.Release|Any CPU.ActiveCfg = Release|Any CPU
		{05A239C7-D358-462A-A9C2-A58CADFFC2CA}.Release|Any CPU.Build.0 = Release|Any CPU
		{8A5B12BB-5D47-40AC-B081-D55409A8449A}.Debug|Any CPU.ActiveCfg = Debug|Any CPU
		{8A5B12BB-5D47-40AC-B081-D55409A8449A}.Debug|Any CPU.Build.0 = Debug|Any CPU
		{8A5B12BB-5D47-40AC-B081-D55409A8449A}.Release|Any CPU.ActiveCfg = Release|Any CPU
		{8A5B12BB-5D47-40AC-B081-D55409A8449A}.Release|Any CPU.Build.0 = Release|Any CPU
		{F3CD94EB-172B-4C9C-9677-D6D53351DA90}.Debug|Any CPU.ActiveCfg = Debug|Any CPU
		{F3CD94EB-172B-4C9C-9677-D6D53351DA90}.Debug|Any CPU.Build.0 = Debug|Any CPU
		{F3CD94EB-172B-4C9C-9677-D6D53351DA90}.Release|Any CPU.ActiveCfg = Release|Any CPU
		{F3CD94EB-172B-4C9C-9677-D6D53351DA90}.Release|Any CPU.Build.0 = Release|Any CPU
		{A3ACDA2F-C180-484D-B484-DEBBBF964912}.Debug|Any CPU.ActiveCfg = Debug|Any CPU
		{A3ACDA2F-C180-484D-B484-DEBBBF964912}.Debug|Any CPU.Build.0 = Debug|Any CPU
		{A3ACDA2F-C180-484D-B484-DEBBBF964912}.Release|Any CPU.ActiveCfg = Release|Any CPU
		{A3ACDA2F-C180-484D-B484-DEBBBF964912}.Release|Any CPU.Build.0 = Release|Any CPU
		{BBECC9F4-FB5A-4231-913E-D66DA6C2BF5E}.Debug|Any CPU.ActiveCfg = Debug|Any CPU
		{BBECC9F4-FB5A-4231-913E-D66DA6C2BF5E}.Debug|Any CPU.Build.0 = Debug|Any CPU
		{BBECC9F4-FB5A-4231-913E-D66DA6C2BF5E}.Release|Any CPU.ActiveCfg = Release|Any CPU
		{BBECC9F4-FB5A-4231-913E-D66DA6C2BF5E}.Release|Any CPU.Build.0 = Release|Any CPU
		{B9B61743-4E34-4591-8928-B0AC43804945}.Debug|Any CPU.ActiveCfg = Debug|Any CPU
		{B9B61743-4E34-4591-8928-B0AC43804945}.Debug|Any CPU.Build.0 = Debug|Any CPU
		{B9B61743-4E34-4591-8928-B0AC43804945}.Release|Any CPU.ActiveCfg = Release|Any CPU
		{B9B61743-4E34-4591-8928-B0AC43804945}.Release|Any CPU.Build.0 = Release|Any CPU
	EndGlobalSection
	GlobalSection(SolutionProperties) = preSolution
		HideSolutionNode = FALSE
	EndGlobalSection
	GlobalSection(NestedProjects) = preSolution
		{026A490A-A96F-4C45-851D-71696E50A90C} = {BA61171B-DB4F-498D-A9AC-5F80C2B0A867}
		{BA61171B-DB4F-498D-A9AC-5F80C2B0A867} = {464759E3-E4B2-4C5D-8538-844402C4CCE9}
		{6068CD36-88AF-4C1A-A1B8-E2B1BA6E1F72} = {464759E3-E4B2-4C5D-8538-844402C4CCE9}
		{785B528B-5A79-49B5-861B-4482F1EB00F5} = {6068CD36-88AF-4C1A-A1B8-E2B1BA6E1F72}
		{13C9AE8D-8406-4CD8-B4FC-F0D644A29D8B} = {464759E3-E4B2-4C5D-8538-844402C4CCE9}
		{D5D8CFF4-E38A-4E1D-96D9-437DB6738013} = {13C9AE8D-8406-4CD8-B4FC-F0D644A29D8B}
		{00654014-7001-49AC-88CF-18C9DF77F022} = {464759E3-E4B2-4C5D-8538-844402C4CCE9}
		{DBEEF9F9-6C8D-49B2-9BAF-5C1F369C69EC} = {00654014-7001-49AC-88CF-18C9DF77F022}
		{AC0E6602-65BD-4C45-BF02-8B53E6995BE1} = {464759E3-E4B2-4C5D-8538-844402C4CCE9}
		{BF0862BB-293E-4554-BC9B-E727A27A043E} = {AC0E6602-65BD-4C45-BF02-8B53E6995BE1}
		{410FD888-2814-414C-A2D3-6948BAA7C245} = {6B1F75BC-8252-440D-9607-BA2144BF4464}
		{D1F25FF0-D6F5-423C-A494-AF7B8741EC15} = {410FD888-2814-414C-A2D3-6948BAA7C245}
		{97178379-71A5-4DE2-B113-CBBD36592872} = {6B1F75BC-8252-440D-9607-BA2144BF4464}
		{14D69BA3-9AC1-48C1-A4F8-66F00BF1582C} = {97178379-71A5-4DE2-B113-CBBD36592872}
		{9E1BB8E0-8C3C-407E-89A7-68BAF6763D0A} = {6B1F75BC-8252-440D-9607-BA2144BF4464}
		{29459D4E-9E65-4EAE-917E-C8B9FB80D1A5} = {9E1BB8E0-8C3C-407E-89A7-68BAF6763D0A}
		{F289F765-6254-4BCD-BBE1-D984017E1CC8} = {6B1F75BC-8252-440D-9607-BA2144BF4464}
		{042A9D72-4999-47C4-9284-11BD3AE9FC4A} = {F289F765-6254-4BCD-BBE1-D984017E1CC8}
		{D40FB6AA-668B-488C-8722-34FEAD3A021D} = {6B1F75BC-8252-440D-9607-BA2144BF4464}
		{F5DF383A-62EE-49AA-8CCB-EA2BD0B1BAEF} = {D40FB6AA-668B-488C-8722-34FEAD3A021D}
		{F31C2700-232F-48C5-9439-DF547C2E007D} = {6B1F75BC-8252-440D-9607-BA2144BF4464}
		{E92A4DBC-15A8-476B-9639-EB0E4519D995} = {F31C2700-232F-48C5-9439-DF547C2E007D}
		{C4578FDE-8681-4BAB-A4E0-8E79AD939730} = {6B1F75BC-8252-440D-9607-BA2144BF4464}
		{4EBE552B-C1D9-46C0-80A7-9DCE0E85F427} = {C4578FDE-8681-4BAB-A4E0-8E79AD939730}
		{2EAFA2CA-154B-4ADE-8706-2E68D242C0B4} = {7154CBBB-ADED-4774-8E95-169C0EA40422}
		{CE4FFEF5-B13B-4BAE-8331-5302FF0C7DF5} = {2EAFA2CA-154B-4ADE-8706-2E68D242C0B4}
		{0DD45B93-2190-4260-9E86-975E5B4170FB} = {7154CBBB-ADED-4774-8E95-169C0EA40422}
		{83A133C5-20D1-475C-ABAD-FF7F54DD214C} = {0DD45B93-2190-4260-9E86-975E5B4170FB}
		{09919C44-6F11-45D5-AE71-89CB5FDED866} = {7154CBBB-ADED-4774-8E95-169C0EA40422}
		{F4228EA0-C8E2-4F62-BAE1-EF1D253D5784} = {09919C44-6F11-45D5-AE71-89CB5FDED866}
		{8BD05573-32C9-4902-B5B8-3191277D20F7} = {7154CBBB-ADED-4774-8E95-169C0EA40422}
		{7EA492BC-0225-4710-A686-C0B90686A8A3} = {8BD05573-32C9-4902-B5B8-3191277D20F7}
		{13A1B454-F420-4CD1-8AE3-1929A763855F} = {7154CBBB-ADED-4774-8E95-169C0EA40422}
		{47B4BE5C-0B5E-40C0-AD5F-E9728A18EA36} = {13A1B454-F420-4CD1-8AE3-1929A763855F}
		{87C1EB6F-ED06-43B7-BE03-ED609B2FCB08} = {7154CBBB-ADED-4774-8E95-169C0EA40422}
		{05A239C7-D358-462A-A9C2-A58CADFFC2CA} = {87C1EB6F-ED06-43B7-BE03-ED609B2FCB08}
		{C8A63A75-6983-4D32-87C9-01FF1EB663EC} = {7154CBBB-ADED-4774-8E95-169C0EA40422}
		{8A5B12BB-5D47-40AC-B081-D55409A8449A} = {C8A63A75-6983-4D32-87C9-01FF1EB663EC}
		{9B797805-B161-4D8C-8438-C6C166F1BEB6} = {7154CBBB-ADED-4774-8E95-169C0EA40422}
		{F3CD94EB-172B-4C9C-9677-D6D53351DA90} = {9B797805-B161-4D8C-8438-C6C166F1BEB6}
		{654F51BB-9C55-421F-BB07-853028C6118C} = {7154CBBB-ADED-4774-8E95-169C0EA40422}
		{A3ACDA2F-C180-484D-B484-DEBBBF964912} = {654F51BB-9C55-421F-BB07-853028C6118C}
		{74664197-D4BE-4C0C-9154-81A9C4FFC7F0} = {7154CBBB-ADED-4774-8E95-169C0EA40422}
		{BBECC9F4-FB5A-4231-913E-D66DA6C2BF5E} = {74664197-D4BE-4C0C-9154-81A9C4FFC7F0}
		{9F4D8275-25C4-4ADD-BB02-5623EFD20731} = {7154CBBB-ADED-4774-8E95-169C0EA40422}
		{B9B61743-4E34-4591-8928-B0AC43804945} = {9F4D8275-25C4-4ADD-BB02-5623EFD20731}
	EndGlobalSection
EndGlobal
