
Microsoft Visual Studio Solution File, Format Version 12.00
# Visual Studio Version 17
VisualStudioVersion = 17.12.35410.144 d17.12
MinimumVisualStudioVersion = 10.0.40219.1
Project("{FAE04EC0-301F-11D3-BF4B-00C04F79EFBC}") = "Singleton", "CsharpDesignPatterns\Singleton.csproj", "{026A490A-A96F-4C45-851D-71696E50A90C}"
EndProject
Project("{2150E333-8FDC-42A3-9474-1A3956D46DE8}") = "01 - Singleton", "01 - Singleton", "{BA61171B-DB4F-498D-A9AC-5F80C2B0A867}"
EndProject
Project("{2150E333-8FDC-42A3-9474-1A3956D46DE8}") = "Creational", "Creational", "{464759E3-E4B2-4C5D-8538-844402C4CCE9}"
EndProject
Project("{2150E333-8FDC-42A3-9474-1A3956D46DE8}") = "02 - Factory Method", "02 - Factory Method", "{6068CD36-88AF-4C1A-A1B8-E2B1BA6E1F72}"
EndProject
Project("{FAE04EC0-301F-11D3-BF4B-00C04F79EFBC}") = "FactoryMethod", "FactoryMethod\FactoryMethod.csproj", "{785B528B-5A79-49B5-861B-4482F1EB00F5}"
EndProject
Project("{2150E333-8FDC-42A3-9474-1A3956D46DE8}") = "03 - Abstract Factory", "03 - Abstract Factory", "{13C9AE8D-8406-4CD8-B4FC-F0D644A29D8B}"
EndProject
Project("{FAE04EC0-301F-11D3-BF4B-00C04F79EFBC}") = "AbstractFactory", "AbstractFactory\AbstractFactory.csproj", "{D5D8CFF4-E38A-4E1D-96D9-437DB6738013}"
EndProject
Project("{2150E333-8FDC-42A3-9474-1A3956D46DE8}") = "04 - Builder", "04 - Builder", "{00654014-7001-49AC-88CF-18C9DF77F022}"
EndProject
Project("{FAE04EC0-301F-11D3-BF4B-00C04F79EFBC}") = "Builder", "Builder\Builder.csproj", "{DBEEF9F9-6C8D-49B2-9BAF-5C1F369C69EC}"
EndProject
Project("{2150E333-8FDC-42A3-9474-1A3956D46DE8}") = "05 - Prototype", "05 - Prototype", "{AC0E6602-65BD-4C45-BF02-8B53E6995BE1}"
EndProject
Project("{FAE04EC0-301F-11D3-BF4B-00C04F79EFBC}") = "Prototype", "Prototype\Prototype.csproj", "{BF0862BB-293E-4554-BC9B-E727A27A043E}"
EndProject
Global
	GlobalSection(SolutionConfigurationPlatforms) = preSolution
		Debug|Any CPU = Debug|Any CPU
		Release|Any CPU = Release|Any CPU
	EndGlobalSection
	GlobalSection(ProjectConfigurationPlatforms) = postSolution
		{026A490A-A96F-4C45-851D-71696E50A90C}.Debug|Any CPU.ActiveCfg = Debug|Any CPU
		{026A490A-A96F-4C45-851D-71696E50A90C}.Debug|Any CPU.Build.0 = Debug|Any CPU
		{026A490A-A96F-4C45-851D-71696E50A90C}.Release|Any CPU.ActiveCfg = Release|Any CPU
		{026A490A-A96F-4C45-851D-71696E50A90C}.Release|Any CPU.Build.0 = Release|Any CPU
		{785B528B-5A79-49B5-861B-4482F1EB00F5}.Debug|Any CPU.ActiveCfg = Debug|Any CPU
		{785B528B-5A79-49B5-861B-4482F1EB00F5}.Debug|Any CPU.Build.0 = Debug|Any CPU
		{785B528B-5A79-49B5-861B-4482F1EB00F5}.Release|Any CPU.ActiveCfg = Release|Any CPU
		{785B528B-5A79-49B5-861B-4482F1EB00F5}.Release|Any CPU.Build.0 = Release|Any CPU
		{D5D8CFF4-E38A-4E1D-96D9-437DB6738013}.Debug|Any CPU.ActiveCfg = Debug|Any CPU
		{D5D8CFF4-E38A-4E1D-96D9-437DB6738013}.Debug|Any CPU.Build.0 = Debug|Any CPU
		{D5D8CFF4-E38A-4E1D-96D9-437DB6738013}.Release|Any CPU.ActiveCfg = Release|Any CPU
		{D5D8CFF4-E38A-4E1D-96D9-437DB6738013}.Release|Any CPU.Build.0 = Release|Any CPU
		{DBEEF9F9-6C8D-49B2-9BAF-5C1F369C69EC}.Debug|Any CPU.ActiveCfg = Debug|Any CPU
		{DBEEF9F9-6C8D-49B2-9BAF-5C1F369C69EC}.Debug|Any CPU.Build.0 = Debug|Any CPU
		{DBEEF9F9-6C8D-49B2-9BAF-5C1F369C69EC}.Release|Any CPU.ActiveCfg = Release|Any CPU
		{DBEEF9F9-6C8D-49B2-9BAF-5C1F369C69EC}.Release|Any CPU.Build.0 = Release|Any CPU
		{BF0862BB-293E-4554-BC9B-E727A27A043E}.Debug|Any CPU.ActiveCfg = Debug|Any CPU
		{BF0862BB-293E-4554-BC9B-E727A27A043E}.Debug|Any CPU.Build.0 = Debug|Any CPU
		{BF0862BB-293E-4554-BC9B-E727A27A043E}.Release|Any CPU.ActiveCfg = Release|Any CPU
		{BF0862BB-293E-4554-BC9B-E727A27A043E}.Release|Any CPU.Build.0 = Release|Any CPU
	EndGlobalSection
	GlobalSection(SolutionProperties) = preSolution
		HideSolutionNode = FALSE
	EndGlobalSection
	GlobalSection(NestedProjects) = preSolution
		{026A490A-A96F-4C45-851D-71696E50A90C} = {BA61171B-DB4F-498D-A9AC-5F80C2B0A867}
		{BA61171B-DB4F-498D-A9AC-5F80C2B0A867} = {464759E3-E4B2-4C5D-8538-844402C4CCE9}
		{6068CD36-88AF-4C1A-A1B8-E2B1BA6E1F72} = {464759E3-E4B2-4C5D-8538-844402C4CCE9}
		{785B528B-5A79-49B5-861B-4482F1EB00F5} = {6068CD36-88AF-4C1A-A1B8-E2B1BA6E1F72}
		{13C9AE8D-8406-4CD8-B4FC-F0D644A29D8B} = {464759E3-E4B2-4C5D-8538-844402C4CCE9}
		{D5D8CFF4-E38A-4E1D-96D9-437DB6738013} = {13C9AE8D-8406-4CD8-B4FC-F0D644A29D8B}
		{00654014-7001-49AC-88CF-18C9DF77F022} = {464759E3-E4B2-4C5D-8538-844402C4CCE9}
		{DBEEF9F9-6C8D-49B2-9BAF-5C1F369C69EC} = {00654014-7001-49AC-88CF-18C9DF77F022}
		{AC0E6602-65BD-4C45-BF02-8B53E6995BE1} = {464759E3-E4B2-4C5D-8538-844402C4CCE9}
		{BF0862BB-293E-4554-BC9B-E727A27A043E} = {AC0E6602-65BD-4C45-BF02-8B53E6995BE1}
	EndGlobalSection
EndGlobal
